
Microsoft Visual Studio Solution File, Format Version 12.00
# Visual Studio Version 17
VisualStudioVersion = 17.13.35919.96
MinimumVisualStudioVersion = 10.0.40219.1
Project("{FAE04EC0-301F-11D3-BF4B-00C04F79EFBC}") = "WaterBills", "WaterBills.csproj", "{94EE3871-B038-4025-8A24-56B2E8C0A81A}"
EndProject
Global
	GlobalSection(SolutionConfigurationPlatforms) = preSolution
		Debug|Any CPU = Debug|Any CPU
		Release|Any CPU = Release|Any CPU
	EndGlobalSection
	GlobalSection(ProjectConfigurationPlatforms) = postSolution
		{94EE3871-B038-4025-8A24-56B2E8C0A81A}.Debug|Any CPU.ActiveCfg = Debug|Any CPU
		{94EE3871-B038-4025-8A24-56B2E8C0A81A}.Debug|Any CPU.Build.0 = Debug|Any CPU
		{94EE3871-B038-4025-8A24-56B2E8C0A81A}.Release|Any CPU.ActiveCfg = Release|Any CPU
		{94EE3871-B038-4025-8A24-56B2E8C0A81A}.Release|Any CPU.Build.0 = Release|Any CPU
	EndGlobalSection
	GlobalSection(SolutionProperties) = preSolution
		HideSolutionNode = FALSE
	EndGlobalSection
	GlobalSection(ExtensibilityGlobals) = postSolution
		SolutionGuid = {BEBF9EF6-143E-451F-83DF-E07253ADAC91}
	EndGlobalSection
EndGlobal
